
Microsoft Visual Studio Solution File, Format Version 12.00
# Visual Studio 15
VisualStudioVersion = 15.0.26124.0
MinimumVisualStudioVersion = 15.0.26124.0
Project("{FAE04EC0-301F-11D3-BF4B-00C04F79EFBC}") = "SimpleAPI", "SimpleAPI\SimpleAPI.csproj", "{DA927FE5-CE09-4C00-ACE0-9562877AA0A9}"
EndProject
Project("{2150E333-8FDC-42A3-9474-1A3956D46DE8}") = "test", "test", "{820568AC-105F-402C-9E70-BD8BD5A04192}"
EndProject
Project("{FAE04EC0-301F-11D3-BF4B-00C04F79EFBC}") = "SimpleAPI.Test", "test\SimpleAPI.Test\SimpleAPI.Test.csproj", "{15A89441-6807-442A-B020-BA8F6AE9042B}"
EndProject
Global
	GlobalSection(SolutionConfigurationPlatforms) = preSolution
		Debug|Any CPU = Debug|Any CPU
		Debug|x64 = Debug|x64
		Debug|x86 = Debug|x86
		Release|Any CPU = Release|Any CPU
		Release|x64 = Release|x64
		Release|x86 = Release|x86
	EndGlobalSection
	GlobalSection(SolutionProperties) = preSolution
		HideSolutionNode = FALSE
	EndGlobalSection
	GlobalSection(ProjectConfigurationPlatforms) = postSolution
		{DA927FE5-CE09-4C00-ACE0-9562877AA0A9}.Debug|Any CPU.ActiveCfg = Debug|Any CPU
		{DA927FE5-CE09-4C00-ACE0-9562877AA0A9}.Debug|Any CPU.Build.0 = Debug|Any CPU
		{DA927FE5-CE09-4C00-ACE0-9562877AA0A9}.Debug|x64.ActiveCfg = Debug|Any CPU
		{DA927FE5-CE09-4C00-ACE0-9562877AA0A9}.Debug|x64.Build.0 = Debug|Any CPU
		{DA927FE5-CE09-4C00-ACE0-9562877AA0A9}.Debug|x86.ActiveCfg = Debug|Any CPU
		{DA927FE5-CE09-4C00-ACE0-9562877AA0A9}.Debug|x86.Build.0 = Debug|Any CPU
		{DA927FE5-CE09-4C00-ACE0-9562877AA0A9}.Release|Any CPU.ActiveCfg = Release|Any CPU
		{DA927FE5-CE09-4C00-ACE0-9562877AA0A9}.Release|Any CPU.Build.0 = Release|Any CPU
		{DA927FE5-CE09-4C00-ACE0-9562877AA0A9}.Release|x64.ActiveCfg = Release|Any CPU
		{DA927FE5-CE09-4C00-ACE0-9562877AA0A9}.Release|x64.Build.0 = Release|Any CPU
		{DA927FE5-CE09-4C00-ACE0-9562877AA0A9}.Release|x86.ActiveCfg = Release|Any CPU
		{DA927FE5-CE09-4C00-ACE0-9562877AA0A9}.Release|x86.Build.0 = Release|Any CPU
		{15A89441-6807-442A-B020-BA8F6AE9042B}.Debug|Any CPU.ActiveCfg = Debug|Any CPU
		{15A89441-6807-442A-B020-BA8F6AE9042B}.Debug|Any CPU.Build.0 = Debug|Any CPU
		{15A89441-6807-442A-B020-BA8F6AE9042B}.Debug|x64.ActiveCfg = Debug|Any CPU
		{15A89441-6807-442A-B020-BA8F6AE9042B}.Debug|x64.Build.0 = Debug|Any CPU
		{15A89441-6807-442A-B020-BA8F6AE9042B}.Debug|x86.ActiveCfg = Debug|Any CPU
		{15A89441-6807-442A-B020-BA8F6AE9042B}.Debug|x86.Build.0 = Debug|Any CPU
		{15A89441-6807-442A-B020-BA8F6AE9042B}.Release|Any CPU.ActiveCfg = Release|Any CPU
		{15A89441-6807-442A-B020-BA8F6AE9042B}.Release|Any CPU.Build.0 = Release|Any CPU
		{15A89441-6807-442A-B020-BA8F6AE9042B}.Release|x64.ActiveCfg = Release|Any CPU
		{15A89441-6807-442A-B020-BA8F6AE9042B}.Release|x64.Build.0 = Release|Any CPU
		{15A89441-6807-442A-B020-BA8F6AE9042B}.Release|x86.ActiveCfg = Release|Any CPU
		{15A89441-6807-442A-B020-BA8F6AE9042B}.Release|x86.Build.0 = Release|Any CPU
	EndGlobalSection
	GlobalSection(NestedProjects) = preSolution
		{15A89441-6807-442A-B020-BA8F6AE9042B} = {820568AC-105F-402C-9E70-BD8BD5A04192}
	EndGlobalSection
EndGlobal
